
Microsoft Visual Studio Solution File, Format Version 12.00
# Visual Studio Version 17
VisualStudioVersion = 17.12.35514.174 d17.12
MinimumVisualStudioVersion = 10.0.40219.1
Project("{FAE04EC0-301F-11D3-BF4B-00C04F79EFBC}") = "WebAPI", "WebAPI\WebAPI.csproj", "{38576F9E-0496-4C29-A052-BAF57791A55E}"
EndProject
Project("{FAE04EC0-301F-11D3-BF4B-00C04F79EFBC}") = "Stan_Iustina_Lab11", "Stan_Iustina_Lab11\Stan_Iustina_Lab11.csproj", "{50D1D478-1557-4DC8-9DE7-C1EED92E1876}"
EndProject
Global
	GlobalSection(SolutionConfigurationPlatforms) = preSolution
		Debug|Any CPU = Debug|Any CPU
		Release|Any CPU = Release|Any CPU
	EndGlobalSection
	GlobalSection(ProjectConfigurationPlatforms) = postSolution
		{38576F9E-0496-4C29-A052-BAF57791A55E}.Debug|Any CPU.ActiveCfg = Debug|Any CPU
		{38576F9E-0496-4C29-A052-BAF57791A55E}.Debug|Any CPU.Build.0 = Debug|Any CPU
		{38576F9E-0496-4C29-A052-BAF57791A55E}.Release|Any CPU.ActiveCfg = Release|Any CPU
		{38576F9E-0496-4C29-A052-BAF57791A55E}.Release|Any CPU.Build.0 = Release|Any CPU
		{50D1D478-1557-4DC8-9DE7-C1EED92E1876}.Debug|Any CPU.ActiveCfg = Debug|Any CPU
		{50D1D478-1557-4DC8-9DE7-C1EED92E1876}.Debug|Any CPU.Build.0 = Debug|Any CPU
		{50D1D478-1557-4DC8-9DE7-C1EED92E1876}.Debug|Any CPU.Deploy.0 = Debug|Any CPU
		{50D1D478-1557-4DC8-9DE7-C1EED92E1876}.Release|Any CPU.ActiveCfg = Release|Any CPU
		{50D1D478-1557-4DC8-9DE7-C1EED92E1876}.Release|Any CPU.Build.0 = Release|Any CPU
		{50D1D478-1557-4DC8-9DE7-C1EED92E1876}.Release|Any CPU.Deploy.0 = Release|Any CPU
	EndGlobalSection
	GlobalSection(SolutionProperties) = preSolution
		HideSolutionNode = FALSE
	EndGlobalSection
EndGlobal
